
Microsoft Visual Studio Solution File, Format Version 12.00
# Visual Studio Version 17
VisualStudioVersion = 17.8.34316.72
MinimumVisualStudioVersion = 10.0.40219.1
Project("{9A19103F-16F7-4668-BE54-9A1E7A4F7556}") = "lessons", "lessons\lessons.csproj", "{7672EF2E-0A4A-4389-8ECE-93314FA73C59}"
EndProject
Project("{9A19103F-16F7-4668-BE54-9A1E7A4F7556}") = "ConsoleApp1", "ConsoleApp1\ConsoleApp1.csproj", "{3B935CC7-45FF-458C-A57A-61F887B174F3}"
EndProject
Project("{9A19103F-16F7-4668-BE54-9A1E7A4F7556}") = "AnimalSound", "Interface\AnimalSound.csproj", "{482BA3FD-61B6-437F-85A5-3619753C6CD6}"
EndProject
Project("{9A19103F-16F7-4668-BE54-9A1E7A4F7556}") = "OOPencapsulation", "OOP\OOPencapsulation.csproj", "{94F68A34-B233-4906-B99B-92D6169710D1}"
EndProject
Project("{9A19103F-16F7-4668-BE54-9A1E7A4F7556}") = "OOPInheritance", "OOPInheritance\OOPInheritance.csproj", "{49ECC1CB-451D-4EFB-8E5A-D782C46A937B}"
EndProject
Project("{9A19103F-16F7-4668-BE54-9A1E7A4F7556}") = "Enum", "Enum\Enum.csproj", "{40A1A255-CCF5-4E60-A959-67475BA80B22}"
EndProject
Project("{9A19103F-16F7-4668-BE54-9A1E7A4F7556}") = "Product CRUD", "Product CRUD\Product CRUD.csproj", "{42B3B77A-4F75-4964-AD5E-B78D4C7E65C0}"
EndProject
Project("{9A19103F-16F7-4668-BE54-9A1E7A4F7556}") = "Factory CRUD", "Factory CRUD\Factory CRUD.csproj", "{2253EC35-6E76-4C59-B959-8E6148110A19}"
EndProject
Project("{9A19103F-16F7-4668-BE54-9A1E7A4F7556}") = "Haad LC", "Haad LC\Haad LC.csproj", "{A463D3DD-964B-4F63-9DC5-C8FC7AB207AD}"
EndProject
Project("{FAE04EC0-301F-11D3-BF4B-00C04F79EFBC}") = "Bank", "Bank\Bank.csproj", "{EBF252EF-94E6-4DD4-9C8F-97AE1BA77B26}"
EndProject
Global
	GlobalSection(SolutionConfigurationPlatforms) = preSolution
		Debug|Any CPU = Debug|Any CPU
		Release|Any CPU = Release|Any CPU
	EndGlobalSection
	GlobalSection(ProjectConfigurationPlatforms) = postSolution
		{7672EF2E-0A4A-4389-8ECE-93314FA73C59}.Debug|Any CPU.ActiveCfg = Debug|Any CPU
		{7672EF2E-0A4A-4389-8ECE-93314FA73C59}.Debug|Any CPU.Build.0 = Debug|Any CPU
		{7672EF2E-0A4A-4389-8ECE-93314FA73C59}.Release|Any CPU.ActiveCfg = Release|Any CPU
		{7672EF2E-0A4A-4389-8ECE-93314FA73C59}.Release|Any CPU.Build.0 = Release|Any CPU
		{3B935CC7-45FF-458C-A57A-61F887B174F3}.Debug|Any CPU.ActiveCfg = Debug|Any CPU
		{3B935CC7-45FF-458C-A57A-61F887B174F3}.Debug|Any CPU.Build.0 = Debug|Any CPU
		{3B935CC7-45FF-458C-A57A-61F887B174F3}.Release|Any CPU.ActiveCfg = Release|Any CPU
		{3B935CC7-45FF-458C-A57A-61F887B174F3}.Release|Any CPU.Build.0 = Release|Any CPU
		{482BA3FD-61B6-437F-85A5-3619753C6CD6}.Debug|Any CPU.ActiveCfg = Debug|Any CPU
		{482BA3FD-61B6-437F-85A5-3619753C6CD6}.Debug|Any CPU.Build.0 = Debug|Any CPU
		{482BA3FD-61B6-437F-85A5-3619753C6CD6}.Release|Any CPU.ActiveCfg = Release|Any CPU
		{482BA3FD-61B6-437F-85A5-3619753C6CD6}.Release|Any CPU.Build.0 = Release|Any CPU
		{94F68A34-B233-4906-B99B-92D6169710D1}.Debug|Any CPU.ActiveCfg = Debug|Any CPU
		{94F68A34-B233-4906-B99B-92D6169710D1}.Debug|Any CPU.Build.0 = Debug|Any CPU
		{94F68A34-B233-4906-B99B-92D6169710D1}.Release|Any CPU.ActiveCfg = Release|Any CPU
		{94F68A34-B233-4906-B99B-92D6169710D1}.Release|Any CPU.Build.0 = Release|Any CPU
		{49ECC1CB-451D-4EFB-8E5A-D782C46A937B}.Debug|Any CPU.ActiveCfg = Debug|Any CPU
		{49ECC1CB-451D-4EFB-8E5A-D782C46A937B}.Debug|Any CPU.Build.0 = Debug|Any CPU
		{49ECC1CB-451D-4EFB-8E5A-D782C46A937B}.Release|Any CPU.ActiveCfg = Release|Any CPU
		{49ECC1CB-451D-4EFB-8E5A-D782C46A937B}.Release|Any CPU.Build.0 = Release|Any CPU
		{40A1A255-CCF5-4E60-A959-67475BA80B22}.Debug|Any CPU.ActiveCfg = Debug|Any CPU
		{40A1A255-CCF5-4E60-A959-67475BA80B22}.Debug|Any CPU.Build.0 = Debug|Any CPU
		{40A1A255-CCF5-4E60-A959-67475BA80B22}.Release|Any CPU.ActiveCfg = Release|Any CPU
		{40A1A255-CCF5-4E60-A959-67475BA80B22}.Release|Any CPU.Build.0 = Release|Any CPU
		{42B3B77A-4F75-4964-AD5E-B78D4C7E65C0}.Debug|Any CPU.ActiveCfg = Debug|Any CPU
		{42B3B77A-4F75-4964-AD5E-B78D4C7E65C0}.Debug|Any CPU.Build.0 = Debug|Any CPU
		{42B3B77A-4F75-4964-AD5E-B78D4C7E65C0}.Release|Any CPU.ActiveCfg = Release|Any CPU
		{42B3B77A-4F75-4964-AD5E-B78D4C7E65C0}.Release|Any CPU.Build.0 = Release|Any CPU
		{2253EC35-6E76-4C59-B959-8E6148110A19}.Debug|Any CPU.ActiveCfg = Debug|Any CPU
		{2253EC35-6E76-4C59-B959-8E6148110A19}.Debug|Any CPU.Build.0 = Debug|Any CPU
		{2253EC35-6E76-4C59-B959-8E6148110A19}.Release|Any CPU.ActiveCfg = Release|Any CPU
		{2253EC35-6E76-4C59-B959-8E6148110A19}.Release|Any CPU.Build.0 = Release|Any CPU
		{A463D3DD-964B-4F63-9DC5-C8FC7AB207AD}.Debug|Any CPU.ActiveCfg = Debug|Any CPU
		{A463D3DD-964B-4F63-9DC5-C8FC7AB207AD}.Debug|Any CPU.Build.0 = Debug|Any CPU
		{A463D3DD-964B-4F63-9DC5-C8FC7AB207AD}.Release|Any CPU.ActiveCfg = Release|Any CPU
		{A463D3DD-964B-4F63-9DC5-C8FC7AB207AD}.Release|Any CPU.Build.0 = Release|Any CPU
		{EBF252EF-94E6-4DD4-9C8F-97AE1BA77B26}.Debug|Any CPU.ActiveCfg = Debug|Any CPU
		{EBF252EF-94E6-4DD4-9C8F-97AE1BA77B26}.Debug|Any CPU.Build.0 = Debug|Any CPU
		{EBF252EF-94E6-4DD4-9C8F-97AE1BA77B26}.Release|Any CPU.ActiveCfg = Release|Any CPU
		{EBF252EF-94E6-4DD4-9C8F-97AE1BA77B26}.Release|Any CPU.Build.0 = Release|Any CPU
	EndGlobalSection
	GlobalSection(SolutionProperties) = preSolution
		HideSolutionNode = FALSE
	EndGlobalSection
	GlobalSection(ExtensibilityGlobals) = postSolution
		SolutionGuid = {01A4E65B-BB35-40D5-B1B0-ABFA568622CE}
	EndGlobalSection
EndGlobal
